{
    "requires": true,
    "lockfileVersion": 1,
    "dependencies": {
        "vue-js-toggle-button": {
            "version": "1.2.2",
            "resolved": "https://registry.npmjs.org/vue-js-toggle-button/-/vue-js-toggle-button-1.2.2.tgz",
            "integrity": "sha512-+I1ZtI8c4WB/ufeyF39mt6Qrx78SMdsEYtn5YVKSVsFSTcEYZCMgHS1UW9TwvbXqQ50Hs4nB05/+TukXNVi3FQ=="
        }
    }
}
